{
  "originHash" : "1f0db372638ac38c8763e5f8801f0478a3bd17e737830bab4cc21bd925bcae31",
  "pins" : [
    {
      "identity" : "iosintpackage",
      "kind" : "remoteSourceControl",
      "location" : "https://github.com/TrueMax/iOSIntPackage.git",
      "state" : {
        "branch" : "imagepublisher",
        "revision" : "e1cc0e1b76d7cb8f770d903d85ae9ed91ae026bd"
      }
    }
  ],
  "version" : 3
}
