// !$*UTF8*$!
{
	archiveVersion = 1;
	classes = {
	};
	objectVersion = 56;
	objects = {

/* Begin PBXBuildFile section */
		225EC34F16BBB9F05D771D28 /* Pods_Navigation_App.framework in Frameworks */ = {isa = PBXBuildFile; fileRef = D3755199C322289E43D5B6AE /* Pods_Navigation_App.framework */; };
		2B43EC5C90A32DF2C9D7BEE4 /* Pods_StorageService_StorageServiceTests.framework in Frameworks */ = {isa = PBXBuildFile; fileRef = 9A01F18250F293D5A33DCE72 /* Pods_StorageService_StorageServiceTests.framework */; };
		789CBEBE431DD988DD8F43EA /* Pods_StorageService.framework in Frameworks */ = {isa = PBXBuildFile; fileRef = AD0B5B1456745CD4B293D962 /* Pods_StorageService.framework */; };
		901EB50F2C69D4E300AC0157 /* AppDelegate.swift in Sources */ = {isa = PBXBuildFile; fileRef = 901EB50E2C69D4E300AC0157 /* AppDelegate.swift */; };
		901EB5112C69D4E300AC0157 /* SceneDelegate.swift in Sources */ = {isa = PBXBuildFile; fileRef = 901EB5102C69D4E300AC0157 /* SceneDelegate.swift */; };
		901EB5182C69D4E500AC0157 /* Assets.xcassets in Resources */ = {isa = PBXBuildFile; fileRef = 901EB5172C69D4E500AC0157 /* Assets.xcassets */; };
		901EB51B2C69D4E500AC0157 /* Base in Resources */ = {isa = PBXBuildFile; fileRef = 901EB51A2C69D4E500AC0157 /* Base */; };
		901EB5232C69D52900AC0157 /* InfoViewController.swift in Sources */ = {isa = PBXBuildFile; fileRef = 901EB5222C69D52900AC0157 /* InfoViewController.swift */; };
		901EB5252C69D55100AC0157 /* PostViewController.swift in Sources */ = {isa = PBXBuildFile; fileRef = 901EB5242C69D55100AC0157 /* PostViewController.swift */; };
		901EB5272C69D57100AC0157 /* FeedViewController.swift in Sources */ = {isa = PBXBuildFile; fileRef = 901EB5262C69D57100AC0157 /* FeedViewController.swift */; };
		901EB52C2C69D91100AC0157 /* ProfileHeaderView.swift in Sources */ = {isa = PBXBuildFile; fileRef = 901EB52B2C69D91100AC0157 /* ProfileHeaderView.swift */; };
		901EB52E2C69D96C00AC0157 /* ProfileViewController.swift in Sources */ = {isa = PBXBuildFile; fileRef = 901EB52D2C69D96C00AC0157 /* ProfileViewController.swift */; };
		901EB5302C72258200AC0157 /* LogInViewController.swift in Sources */ = {isa = PBXBuildFile; fileRef = 901EB52F2C72258200AC0157 /* LogInViewController.swift */; };
		901EB5602C77199E00AC0157 /* PostTableViewCell.swift in Sources */ = {isa = PBXBuildFile; fileRef = 901EB55F2C77199E00AC0157 /* PostTableViewCell.swift */; };
		901EB5622C77213C00AC0157 /* UITableView.swift in Sources */ = {isa = PBXBuildFile; fileRef = 901EB5612C77213C00AC0157 /* UITableView.swift */; };
		901EB5642C7741DD00AC0157 /* PostDetailsViewController.swift in Sources */ = {isa = PBXBuildFile; fileRef = 901EB5632C7741DD00AC0157 /* PostDetailsViewController.swift */; };
		901EB58E2C7B56CF00AC0157 /* PhotosTableViewCell.swift in Sources */ = {isa = PBXBuildFile; fileRef = 901EB58D2C7B56CF00AC0157 /* PhotosTableViewCell.swift */; };
		901EB5922C80BC4300AC0157 /* PhotosViewController.swift in Sources */ = {isa = PBXBuildFile; fileRef = 901EB5912C80BC4300AC0157 /* PhotosViewController.swift */; };
		901EB5B22C80E2B700AC0157 /* Photo.swift in Sources */ = {isa = PBXBuildFile; fileRef = 901EB5B12C80E2B700AC0157 /* Photo.swift */; };
		901EB5B42C80E38500AC0157 /* Reusable.swift in Sources */ = {isa = PBXBuildFile; fileRef = 901EB5B32C80E38500AC0157 /* Reusable.swift */; };
		901EB5B62C80E45000AC0157 /* PhotoCell.swift in Sources */ = {isa = PBXBuildFile; fileRef = 901EB5B52C80E45000AC0157 /* PhotoCell.swift */; };
		902A05712CC0568700882936 /* Checker.swift in Sources */ = {isa = PBXBuildFile; fileRef = 902A05702CC0568700882936 /* Checker.swift */; };
		9065E9832CCEA20700620C0C /* LogInInspector.swift in Sources */ = {isa = PBXBuildFile; fileRef = 9065E9822CCEA20700620C0C /* LogInInspector.swift */; };
		907C98A52CA72BC400BD470F /* StorageService.docc in Sources */ = {isa = PBXBuildFile; fileRef = 907C98A42CA72BC400BD470F /* StorageService.docc */; };
		907C98AB2CA72BC400BD470F /* StorageService.framework in Frameworks */ = {isa = PBXBuildFile; fileRef = 907C98A12CA72BC400BD470F /* StorageService.framework */; };
		907C98B22CA72BC400BD470F /* StorageServiceTests.swift in Sources */ = {isa = PBXBuildFile; fileRef = 907C98B12CA72BC400BD470F /* StorageServiceTests.swift */; };
		907C98B32CA72BC400BD470F /* StorageService.h in Headers */ = {isa = PBXBuildFile; fileRef = 907C98A32CA72BC400BD470F /* StorageService.h */; settings = {ATTRIBUTES = (Public, ); }; };
		907C98B62CA72BC400BD470F /* StorageService.framework in Frameworks */ = {isa = PBXBuildFile; fileRef = 907C98A12CA72BC400BD470F /* StorageService.framework */; };
		907C98B72CA72BC400BD470F /* StorageService.framework in Embed Frameworks */ = {isa = PBXBuildFile; fileRef = 907C98A12CA72BC400BD470F /* StorageService.framework */; settings = {ATTRIBUTES = (CodeSignOnCopy, RemoveHeadersOnCopy, ); }; };
		907C98BF2CA72BD500BD470F /* Post.swift in Sources */ = {isa = PBXBuildFile; fileRef = 901EB5512C75A76100AC0157 /* Post.swift */; };
		908772EB2CB48ADC002784C7 /* iOSIntPackage in Frameworks */ = {isa = PBXBuildFile; productRef = 908772EA2CB48ADC002784C7 /* iOSIntPackage */; };
		908772ED2CB863F7002784C7 /* User.swift in Sources */ = {isa = PBXBuildFile; fileRef = 908772EC2CB863F7002784C7 /* User.swift */; };
		908772F12CB86572002784C7 /* CurrentUserService.swift in Sources */ = {isa = PBXBuildFile; fileRef = 908772F02CB86572002784C7 /* CurrentUserService.swift */; };
		908772F52CB865CA002784C7 /* UserService.swift in Sources */ = {isa = PBXBuildFile; fileRef = 908772F42CB865CA002784C7 /* UserService.swift */; };
		908772F72CB86870002784C7 /* TestUserService.swift in Sources */ = {isa = PBXBuildFile; fileRef = 908772F62CB86870002784C7 /* TestUserService.swift */; };
/* End PBXBuildFile section */

/* Begin PBXContainerItemProxy section */
		907C98AC2CA72BC400BD470F /* PBXContainerItemProxy */ = {
			isa = PBXContainerItemProxy;
			containerPortal = 901EB5032C69D4E300AC0157 /* Project object */;
			proxyType = 1;
			remoteGlobalIDString = 907C98A02CA72BC400BD470F;
			remoteInfo = StorageService;
		};
		907C98AE2CA72BC400BD470F /* PBXContainerItemProxy */ = {
			isa = PBXContainerItemProxy;
			containerPortal = 901EB5032C69D4E300AC0157 /* Project object */;
			proxyType = 1;
			remoteGlobalIDString = 901EB50A2C69D4E300AC0157;
			remoteInfo = "Navigation App";
		};
		907C98B42CA72BC400BD470F /* PBXContainerItemProxy */ = {
			isa = PBXContainerItemProxy;
			containerPortal = 901EB5032C69D4E300AC0157 /* Project object */;
			proxyType = 1;
			remoteGlobalIDString = 907C98A02CA72BC400BD470F;
			remoteInfo = StorageService;
		};
/* End PBXContainerItemProxy section */

/* Begin PBXCopyFilesBuildPhase section */
		907C98B82CA72BC400BD470F /* Embed Frameworks */ = {
			isa = PBXCopyFilesBuildPhase;
			buildActionMask = 2147483647;
			dstPath = "";
			dstSubfolderSpec = 10;
			files = (
				907C98B72CA72BC400BD470F /* StorageService.framework in Embed Frameworks */,
			);
			name = "Embed Frameworks";
			runOnlyForDeploymentPostprocessing = 0;
		};
/* End PBXCopyFilesBuildPhase section */

/* Begin PBXFileReference section */
		09307F8B4919EEF90781C4B4 /* Pods-Navigation App.release.xcconfig */ = {isa = PBXFileReference; includeInIndex = 1; lastKnownFileType = text.xcconfig; name = "Pods-Navigation App.release.xcconfig"; path = "Target Support Files/Pods-Navigation App/Pods-Navigation App.release.xcconfig"; sourceTree = "<group>"; };
		627808272C3DC6098BB90CBE /* Pods-Navigation App.debug.xcconfig */ = {isa = PBXFileReference; includeInIndex = 1; lastKnownFileType = text.xcconfig; name = "Pods-Navigation App.debug.xcconfig"; path = "Target Support Files/Pods-Navigation App/Pods-Navigation App.debug.xcconfig"; sourceTree = "<group>"; };
		7D1816BC8F41A22C0C8A2E2C /* Pods-StorageService.debug.xcconfig */ = {isa = PBXFileReference; includeInIndex = 1; lastKnownFileType = text.xcconfig; name = "Pods-StorageService.debug.xcconfig"; path = "Target Support Files/Pods-StorageService/Pods-StorageService.debug.xcconfig"; sourceTree = "<group>"; };
		85167A734A03A985AD0FDDF7 /* Pods-StorageService-StorageServiceTests.release.xcconfig */ = {isa = PBXFileReference; includeInIndex = 1; lastKnownFileType = text.xcconfig; name = "Pods-StorageService-StorageServiceTests.release.xcconfig"; path = "Target Support Files/Pods-StorageService-StorageServiceTests/Pods-StorageService-StorageServiceTests.release.xcconfig"; sourceTree = "<group>"; };
		901EB50B2C69D4E300AC0157 /* Navigation App.app */ = {isa = PBXFileReference; explicitFileType = wrapper.application; includeInIndex = 0; path = "Navigation App.app"; sourceTree = BUILT_PRODUCTS_DIR; };
		901EB50E2C69D4E300AC0157 /* AppDelegate.swift */ = {isa = PBXFileReference; lastKnownFileType = sourcecode.swift; path = AppDelegate.swift; sourceTree = "<group>"; };
		901EB5102C69D4E300AC0157 /* SceneDelegate.swift */ = {isa = PBXFileReference; lastKnownFileType = sourcecode.swift; path = SceneDelegate.swift; sourceTree = "<group>"; };
		901EB5172C69D4E500AC0157 /* Assets.xcassets */ = {isa = PBXFileReference; lastKnownFileType = folder.assetcatalog; path = Assets.xcassets; sourceTree = "<group>"; };
		901EB51A2C69D4E500AC0157 /* Base */ = {isa = PBXFileReference; lastKnownFileType = file.storyboard; name = Base; path = Base.lproj/LaunchScreen.storyboard; sourceTree = "<group>"; };
		901EB51C2C69D4E500AC0157 /* Info.plist */ = {isa = PBXFileReference; lastKnownFileType = text.plist.xml; path = Info.plist; sourceTree = "<group>"; };
		901EB5222C69D52900AC0157 /* InfoViewController.swift */ = {isa = PBXFileReference; lastKnownFileType = sourcecode.swift; path = InfoViewController.swift; sourceTree = "<group>"; };
		901EB5242C69D55100AC0157 /* PostViewController.swift */ = {isa = PBXFileReference; lastKnownFileType = sourcecode.swift; path = PostViewController.swift; sourceTree = "<group>"; };
		901EB5262C69D57100AC0157 /* FeedViewController.swift */ = {isa = PBXFileReference; lastKnownFileType = sourcecode.swift; path = FeedViewController.swift; sourceTree = "<group>"; };
		901EB52B2C69D91100AC0157 /* ProfileHeaderView.swift */ = {isa = PBXFileReference; lastKnownFileType = sourcecode.swift; path = ProfileHeaderView.swift; sourceTree = "<group>"; };
		901EB52D2C69D96C00AC0157 /* ProfileViewController.swift */ = {isa = PBXFileReference; lastKnownFileType = sourcecode.swift; path = ProfileViewController.swift; sourceTree = "<group>"; };
		901EB52F2C72258200AC0157 /* LogInViewController.swift */ = {isa = PBXFileReference; lastKnownFileType = sourcecode.swift; path = LogInViewController.swift; sourceTree = "<group>"; };
		901EB5512C75A76100AC0157 /* Post.swift */ = {isa = PBXFileReference; lastKnownFileType = sourcecode.swift; path = Post.swift; sourceTree = "<group>"; };
		901EB55F2C77199E00AC0157 /* PostTableViewCell.swift */ = {isa = PBXFileReference; lastKnownFileType = sourcecode.swift; path = PostTableViewCell.swift; sourceTree = "<group>"; };
		901EB5612C77213C00AC0157 /* UITableView.swift */ = {isa = PBXFileReference; lastKnownFileType = sourcecode.swift; path = UITableView.swift; sourceTree = "<group>"; };
		901EB5632C7741DD00AC0157 /* PostDetailsViewController.swift */ = {isa = PBXFileReference; lastKnownFileType = sourcecode.swift; path = PostDetailsViewController.swift; sourceTree = "<group>"; };
		901EB58D2C7B56CF00AC0157 /* PhotosTableViewCell.swift */ = {isa = PBXFileReference; lastKnownFileType = sourcecode.swift; path = PhotosTableViewCell.swift; sourceTree = "<group>"; };
		901EB5912C80BC4300AC0157 /* PhotosViewController.swift */ = {isa = PBXFileReference; lastKnownFileType = sourcecode.swift; path = PhotosViewController.swift; sourceTree = "<group>"; };
		901EB5B12C80E2B700AC0157 /* Photo.swift */ = {isa = PBXFileReference; lastKnownFileType = sourcecode.swift; path = Photo.swift; sourceTree = "<group>"; };
		901EB5B32C80E38500AC0157 /* Reusable.swift */ = {isa = PBXFileReference; lastKnownFileType = sourcecode.swift; path = Reusable.swift; sourceTree = "<group>"; };
		901EB5B52C80E45000AC0157 /* PhotoCell.swift */ = {isa = PBXFileReference; lastKnownFileType = sourcecode.swift; path = PhotoCell.swift; sourceTree = "<group>"; };
		902A05702CC0568700882936 /* Checker.swift */ = {isa = PBXFileReference; lastKnownFileType = sourcecode.swift; path = Checker.swift; sourceTree = "<group>"; };
		9065E9822CCEA20700620C0C /* LogInInspector.swift */ = {isa = PBXFileReference; lastKnownFileType = sourcecode.swift; path = LogInInspector.swift; sourceTree = "<group>"; };
		907C98A12CA72BC400BD470F /* StorageService.framework */ = {isa = PBXFileReference; explicitFileType = wrapper.framework; includeInIndex = 0; path = StorageService.framework; sourceTree = BUILT_PRODUCTS_DIR; };
		907C98A32CA72BC400BD470F /* StorageService.h */ = {isa = PBXFileReference; lastKnownFileType = sourcecode.c.h; path = StorageService.h; sourceTree = "<group>"; };
		907C98A42CA72BC400BD470F /* StorageService.docc */ = {isa = PBXFileReference; lastKnownFileType = folder.documentationcatalog; path = StorageService.docc; sourceTree = "<group>"; };
		907C98AA2CA72BC400BD470F /* StorageServiceTests.xctest */ = {isa = PBXFileReference; explicitFileType = wrapper.cfbundle; includeInIndex = 0; path = StorageServiceTests.xctest; sourceTree = BUILT_PRODUCTS_DIR; };
		907C98B12CA72BC400BD470F /* StorageServiceTests.swift */ = {isa = PBXFileReference; lastKnownFileType = sourcecode.swift; path = StorageServiceTests.swift; sourceTree = "<group>"; };
		908772EC2CB863F7002784C7 /* User.swift */ = {isa = PBXFileReference; lastKnownFileType = sourcecode.swift; path = User.swift; sourceTree = "<group>"; };
		908772F02CB86572002784C7 /* CurrentUserService.swift */ = {isa = PBXFileReference; lastKnownFileType = sourcecode.swift; path = CurrentUserService.swift; sourceTree = "<group>"; };
		908772F42CB865CA002784C7 /* UserService.swift */ = {isa = PBXFileReference; lastKnownFileType = sourcecode.swift; path = UserService.swift; sourceTree = "<group>"; };
		908772F62CB86870002784C7 /* TestUserService.swift */ = {isa = PBXFileReference; lastKnownFileType = sourcecode.swift; path = TestUserService.swift; sourceTree = "<group>"; };
		9A01F18250F293D5A33DCE72 /* Pods_StorageService_StorageServiceTests.framework */ = {isa = PBXFileReference; explicitFileType = wrapper.framework; includeInIndex = 0; path = Pods_StorageService_StorageServiceTests.framework; sourceTree = BUILT_PRODUCTS_DIR; };
		9F41BE46AB8A5772AB03EE9A /* Pods-StorageService-StorageServiceTests.debug.xcconfig */ = {isa = PBXFileReference; includeInIndex = 1; lastKnownFileType = text.xcconfig; name = "Pods-StorageService-StorageServiceTests.debug.xcconfig"; path = "Target Support Files/Pods-StorageService-StorageServiceTests/Pods-StorageService-StorageServiceTests.debug.xcconfig"; sourceTree = "<group>"; };
		AD0B5B1456745CD4B293D962 /* Pods_StorageService.framework */ = {isa = PBXFileReference; explicitFileType = wrapper.framework; includeInIndex = 0; path = Pods_StorageService.framework; sourceTree = BUILT_PRODUCTS_DIR; };
		D3755199C322289E43D5B6AE /* Pods_Navigation_App.framework */ = {isa = PBXFileReference; explicitFileType = wrapper.framework; includeInIndex = 0; path = Pods_Navigation_App.framework; sourceTree = BUILT_PRODUCTS_DIR; };
		D9AB6611D185A94570BC92F9 /* Pods-StorageService.release.xcconfig */ = {isa = PBXFileReference; includeInIndex = 1; lastKnownFileType = text.xcconfig; name = "Pods-StorageService.release.xcconfig"; path = "Target Support Files/Pods-StorageService/Pods-StorageService.release.xcconfig"; sourceTree = "<group>"; };
/* End PBXFileReference section */

/* Begin PBXFrameworksBuildPhase section */
		901EB5082C69D4E300AC0157 /* Frameworks */ = {
			isa = PBXFrameworksBuildPhase;
			buildActionMask = 2147483647;
			files = (
				908772EB2CB48ADC002784C7 /* iOSIntPackage in Frameworks */,
				907C98B62CA72BC400BD470F /* StorageService.framework in Frameworks */,
				225EC34F16BBB9F05D771D28 /* Pods_Navigation_App.framework in Frameworks */,
			);
			runOnlyForDeploymentPostprocessing = 0;
		};
		907C989E2CA72BC400BD470F /* Frameworks */ = {
			isa = PBXFrameworksBuildPhase;
			buildActionMask = 2147483647;
			files = (
				789CBEBE431DD988DD8F43EA /* Pods_StorageService.framework in Frameworks */,
			);
			runOnlyForDeploymentPostprocessing = 0;
		};
		907C98A72CA72BC400BD470F /* Frameworks */ = {
			isa = PBXFrameworksBuildPhase;
			buildActionMask = 2147483647;
			files = (
				907C98AB2CA72BC400BD470F /* StorageService.framework in Frameworks */,
				2B43EC5C90A32DF2C9D7BEE4 /* Pods_StorageService_StorageServiceTests.framework in Frameworks */,
			);
			runOnlyForDeploymentPostprocessing = 0;
		};
/* End PBXFrameworksBuildPhase section */

/* Begin PBXGroup section */
		0953B79852476289400AECEC /* Frameworks */ = {
			isa = PBXGroup;
			children = (
				D3755199C322289E43D5B6AE /* Pods_Navigation_App.framework */,
				AD0B5B1456745CD4B293D962 /* Pods_StorageService.framework */,
				9A01F18250F293D5A33DCE72 /* Pods_StorageService_StorageServiceTests.framework */,
			);
			name = Frameworks;
			sourceTree = "<group>";
		};
		70F512015F4D9BCC3C7C611F /* Pods */ = {
			isa = PBXGroup;
			children = (
				627808272C3DC6098BB90CBE /* Pods-Navigation App.debug.xcconfig */,
				09307F8B4919EEF90781C4B4 /* Pods-Navigation App.release.xcconfig */,
				7D1816BC8F41A22C0C8A2E2C /* Pods-StorageService.debug.xcconfig */,
				D9AB6611D185A94570BC92F9 /* Pods-StorageService.release.xcconfig */,
				9F41BE46AB8A5772AB03EE9A /* Pods-StorageService-StorageServiceTests.debug.xcconfig */,
				85167A734A03A985AD0FDDF7 /* Pods-StorageService-StorageServiceTests.release.xcconfig */,
			);
			path = Pods;
			sourceTree = "<group>";
		};
		901EB5022C69D4E300AC0157 = {
			isa = PBXGroup;
			children = (
				901EB50D2C69D4E300AC0157 /* Navigation App */,
				907C98A22CA72BC400BD470F /* StorageService */,
				907C98B02CA72BC400BD470F /* StorageServiceTests */,
				901EB50C2C69D4E300AC0157 /* Products */,
				70F512015F4D9BCC3C7C611F /* Pods */,
				0953B79852476289400AECEC /* Frameworks */,
			);
			sourceTree = "<group>";
		};
		901EB50C2C69D4E300AC0157 /* Products */ = {
			isa = PBXGroup;
			children = (
				901EB50B2C69D4E300AC0157 /* Navigation App.app */,
				907C98A12CA72BC400BD470F /* StorageService.framework */,
				907C98AA2CA72BC400BD470F /* StorageServiceTests.xctest */,
			);
			name = Products;
			sourceTree = "<group>";
		};
		901EB50D2C69D4E300AC0157 /* Navigation App */ = {
			isa = PBXGroup;
			children = (
				901EB52A2C69D8E300AC0157 /* Profile */,
				901EB50E2C69D4E300AC0157 /* AppDelegate.swift */,
				901EB5102C69D4E300AC0157 /* SceneDelegate.swift */,
				901EB5172C69D4E500AC0157 /* Assets.xcassets */,
				901EB5192C69D4E500AC0157 /* LaunchScreen.storyboard */,
				901EB51C2C69D4E500AC0157 /* Info.plist */,
				901EB5222C69D52900AC0157 /* InfoViewController.swift */,
				901EB5262C69D57100AC0157 /* FeedViewController.swift */,
				901EB5612C77213C00AC0157 /* UITableView.swift */,
			);
			path = "Navigation App";
			sourceTree = "<group>";
		};
		901EB52A2C69D8E300AC0157 /* Profile */ = {
			isa = PBXGroup;
			children = (
				901EB5B32C80E38500AC0157 /* Reusable.swift */,
				901EB5242C69D55100AC0157 /* PostViewController.swift */,
				901EB55F2C77199E00AC0157 /* PostTableViewCell.swift */,
				901EB5912C80BC4300AC0157 /* PhotosViewController.swift */,
				902A05702CC0568700882936 /* Checker.swift */,
				901EB5632C7741DD00AC0157 /* PostDetailsViewController.swift */,
				901EB58D2C7B56CF00AC0157 /* PhotosTableViewCell.swift */,
				901EB5B12C80E2B700AC0157 /* Photo.swift */,
				901EB5B52C80E45000AC0157 /* PhotoCell.swift */,
				901EB52B2C69D91100AC0157 /* ProfileHeaderView.swift */,
				908772EC2CB863F7002784C7 /* User.swift */,
				908772F02CB86572002784C7 /* CurrentUserService.swift */,
				908772F42CB865CA002784C7 /* UserService.swift */,
				908772F62CB86870002784C7 /* TestUserService.swift */,
				901EB52D2C69D96C00AC0157 /* ProfileViewController.swift */,
				901EB52F2C72258200AC0157 /* LogInViewController.swift */,
				9065E9822CCEA20700620C0C /* LogInInspector.swift */,
			);
			path = Profile;
			sourceTree = "<group>";
		};
		907C98A22CA72BC400BD470F /* StorageService */ = {
			isa = PBXGroup;
			children = (
				901EB5512C75A76100AC0157 /* Post.swift */,
				907C98A32CA72BC400BD470F /* StorageService.h */,
				907C98A42CA72BC400BD470F /* StorageService.docc */,
			);
			path = StorageService;
			sourceTree = "<group>";
		};
		907C98B02CA72BC400BD470F /* StorageServiceTests */ = {
			isa = PBXGroup;
			children = (
				907C98B12CA72BC400BD470F /* StorageServiceTests.swift */,
			);
			path = StorageServiceTests;
			sourceTree = "<group>";
		};
/* End PBXGroup section */

/* Begin PBXHeadersBuildPhase section */
		907C989C2CA72BC400BD470F /* Headers */ = {
			isa = PBXHeadersBuildPhase;
			buildActionMask = 2147483647;
			files = (
				907C98B32CA72BC400BD470F /* StorageService.h in Headers */,
			);
			runOnlyForDeploymentPostprocessing = 0;
		};
/* End PBXHeadersBuildPhase section */

/* Begin PBXNativeTarget section */
		901EB50A2C69D4E300AC0157 /* Navigation App */ = {
			isa = PBXNativeTarget;
			buildConfigurationList = 901EB51F2C69D4E500AC0157 /* Build configuration list for PBXNativeTarget "Navigation App" */;
			buildPhases = (
				1957416AC75E9CA3D4ED25C4 /* [CP] Check Pods Manifest.lock */,
				901EB5072C69D4E300AC0157 /* Sources */,
				901EB5082C69D4E300AC0157 /* Frameworks */,
				901EB5092C69D4E300AC0157 /* Resources */,
				907C98B82CA72BC400BD470F /* Embed Frameworks */,
				762D1BF1EFA897E184B41BC5 /* [CP] Embed Pods Frameworks */,
			);
			buildRules = (
			);
			dependencies = (
				907C98B52CA72BC400BD470F /* PBXTargetDependency */,
			);
			name = "Navigation App";
			packageProductDependencies = (
				908772EA2CB48ADC002784C7 /* iOSIntPackage */,
			);
			productName = "Navigation App";
			productReference = 901EB50B2C69D4E300AC0157 /* Navigation App.app */;
			productType = "com.apple.product-type.application";
		};
		907C98A02CA72BC400BD470F /* StorageService */ = {
			isa = PBXNativeTarget;
			buildConfigurationList = 907C98BD2CA72BC500BD470F /* Build configuration list for PBXNativeTarget "StorageService" */;
			buildPhases = (
				E9CBACE994F936BAA2D16B08 /* [CP] Check Pods Manifest.lock */,
				907C989C2CA72BC400BD470F /* Headers */,
				907C989D2CA72BC400BD470F /* Sources */,
				907C989E2CA72BC400BD470F /* Frameworks */,
				907C989F2CA72BC400BD470F /* Resources */,
			);
			buildRules = (
			);
			dependencies = (
			);
			name = StorageService;
			productName = StorageService;
			productReference = 907C98A12CA72BC400BD470F /* StorageService.framework */;
			productType = "com.apple.product-type.framework";
		};
		907C98A92CA72BC400BD470F /* StorageServiceTests */ = {
			isa = PBXNativeTarget;
			buildConfigurationList = 907C98BE2CA72BC500BD470F /* Build configuration list for PBXNativeTarget "StorageServiceTests" */;
			buildPhases = (
				4341D0D658B3FCBA3CEFC1CC /* [CP] Check Pods Manifest.lock */,
				907C98A62CA72BC400BD470F /* Sources */,
				907C98A72CA72BC400BD470F /* Frameworks */,
				907C98A82CA72BC400BD470F /* Resources */,
				CF0BAD043C4D0B63718CE109 /* [CP] Embed Pods Frameworks */,
			);
			buildRules = (
			);
			dependencies = (
				907C98AD2CA72BC400BD470F /* PBXTargetDependency */,
				907C98AF2CA72BC400BD470F /* PBXTargetDependency */,
			);
			name = StorageServiceTests;
			productName = StorageServiceTests;
			productReference = 907C98AA2CA72BC400BD470F /* StorageServiceTests.xctest */;
			productType = "com.apple.product-type.bundle.unit-test";
		};
/* End PBXNativeTarget section */

/* Begin PBXProject section */
		901EB5032C69D4E300AC0157 /* Project object */ = {
			isa = PBXProject;
			attributes = {
				BuildIndependentTargetsInParallel = 1;
				LastSwiftUpdateCheck = 1530;
				LastUpgradeCheck = 1600;
				TargetAttributes = {
					901EB50A2C69D4E300AC0157 = {
						CreatedOnToolsVersion = 15.3;
					};
					907C98A02CA72BC400BD470F = {
						CreatedOnToolsVersion = 15.3;
					};
					907C98A92CA72BC400BD470F = {
						CreatedOnToolsVersion = 15.3;
						TestTargetID = 901EB50A2C69D4E300AC0157;
					};
				};
			};
			buildConfigurationList = 901EB5062C69D4E300AC0157 /* Build configuration list for PBXProject "Navigation App" */;
			compatibilityVersion = "Xcode 14.0";
			developmentRegion = en;
			hasScannedForEncodings = 0;
			knownRegions = (
				en,
				Base,
			);
			mainGroup = 901EB5022C69D4E300AC0157;
			packageReferences = (
				907C98DA2CA8A89D00BD470F /* XCRemoteSwiftPackageReference "iOSIntPackage" */,
			);
			productRefGroup = 901EB50C2C69D4E300AC0157 /* Products */;
			projectDirPath = "";
			projectRoot = "";
			targets = (
				901EB50A2C69D4E300AC0157 /* Navigation App */,
				907C98A02CA72BC400BD470F /* StorageService */,
				907C98A92CA72BC400BD470F /* StorageServiceTests */,
			);
		};
/* End PBXProject section */

/* Begin PBXResourcesBuildPhase section */
		901EB5092C69D4E300AC0157 /* Resources */ = {
			isa = PBXResourcesBuildPhase;
			buildActionMask = 2147483647;
			files = (
				901EB5182C69D4E500AC0157 /* Assets.xcassets in Resources */,
				901EB51B2C69D4E500AC0157 /* Base in Resources */,
			);
			runOnlyForDeploymentPostprocessing = 0;
		};
		907C989F2CA72BC400BD470F /* Resources */ = {
			isa = PBXResourcesBuildPhase;
			buildActionMask = 2147483647;
			files = (
			);
			runOnlyForDeploymentPostprocessing = 0;
		};
		907C98A82CA72BC400BD470F /* Resources */ = {
			isa = PBXResourcesBuildPhase;
			buildActionMask = 2147483647;
			files = (
			);
			runOnlyForDeploymentPostprocessing = 0;
		};
/* End PBXResourcesBuildPhase section */

/* Begin PBXShellScriptBuildPhase section */
		1957416AC75E9CA3D4ED25C4 /* [CP] Check Pods Manifest.lock */ = {
			isa = PBXShellScriptBuildPhase;
			buildActionMask = 2147483647;
			files = (
			);
			inputFileListPaths = (
			);
			inputPaths = (
				"${PODS_PODFILE_DIR_PATH}/Podfile.lock",
				"${PODS_ROOT}/Manifest.lock",
			);
			name = "[CP] Check Pods Manifest.lock";
			outputFileListPaths = (
			);
			outputPaths = (
				"$(DERIVED_FILE_DIR)/Pods-Navigation App-checkManifestLockResult.txt",
			);
			runOnlyForDeploymentPostprocessing = 0;
			shellPath = /bin/sh;
			shellScript = "diff \"${PODS_PODFILE_DIR_PATH}/Podfile.lock\" \"${PODS_ROOT}/Manifest.lock\" > /dev/null\nif [ $? != 0 ] ; then\n    # print error to STDERR\n    echo \"error: The sandbox is not in sync with the Podfile.lock. Run 'pod install' or update your CocoaPods installation.\" >&2\n    exit 1\nfi\n# This output is used by Xcode 'outputs' to avoid re-running this script phase.\necho \"SUCCESS\" > \"${SCRIPT_OUTPUT_FILE_0}\"\n";
			showEnvVarsInLog = 0;
		};
		4341D0D658B3FCBA3CEFC1CC /* [CP] Check Pods Manifest.lock */ = {
			isa = PBXShellScriptBuildPhase;
			buildActionMask = 2147483647;
			files = (
			);
			inputFileListPaths = (
			);
			inputPaths = (
				"${PODS_PODFILE_DIR_PATH}/Podfile.lock",
				"${PODS_ROOT}/Manifest.lock",
			);
			name = "[CP] Check Pods Manifest.lock";
			outputFileListPaths = (
			);
			outputPaths = (
				"$(DERIVED_FILE_DIR)/Pods-StorageService-StorageServiceTests-checkManifestLockResult.txt",
			);
			runOnlyForDeploymentPostprocessing = 0;
			shellPath = /bin/sh;
			shellScript = "diff \"${PODS_PODFILE_DIR_PATH}/Podfile.lock\" \"${PODS_ROOT}/Manifest.lock\" > /dev/null\nif [ $? != 0 ] ; then\n    # print error to STDERR\n    echo \"error: The sandbox is not in sync with the Podfile.lock. Run 'pod install' or update your CocoaPods installation.\" >&2\n    exit 1\nfi\n# This output is used by Xcode 'outputs' to avoid re-running this script phase.\necho \"SUCCESS\" > \"${SCRIPT_OUTPUT_FILE_0}\"\n";
			showEnvVarsInLog = 0;
		};
		762D1BF1EFA897E184B41BC5 /* [CP] Embed Pods Frameworks */ = {
			isa = PBXShellScriptBuildPhase;
			buildActionMask = 2147483647;
			files = (
			);
			inputFileListPaths = (
				"${PODS_ROOT}/Target Support Files/Pods-Navigation App/Pods-Navigation App-frameworks-${CONFIGURATION}-input-files.xcfilelist",
			);
			name = "[CP] Embed Pods Frameworks";
			outputFileListPaths = (
				"${PODS_ROOT}/Target Support Files/Pods-Navigation App/Pods-Navigation App-frameworks-${CONFIGURATION}-output-files.xcfilelist",
			);
			runOnlyForDeploymentPostprocessing = 0;
			shellPath = /bin/sh;
			shellScript = "\"${PODS_ROOT}/Target Support Files/Pods-Navigation App/Pods-Navigation App-frameworks.sh\"\n";
			showEnvVarsInLog = 0;
		};
		CF0BAD043C4D0B63718CE109 /* [CP] Embed Pods Frameworks */ = {
			isa = PBXShellScriptBuildPhase;
			buildActionMask = 2147483647;
			files = (
			);
			inputFileListPaths = (
				"${PODS_ROOT}/Target Support Files/Pods-StorageService-StorageServiceTests/Pods-StorageService-StorageServiceTests-frameworks-${CONFIGURATION}-input-files.xcfilelist",
			);
			name = "[CP] Embed Pods Frameworks";
			outputFileListPaths = (
				"${PODS_ROOT}/Target Support Files/Pods-StorageService-StorageServiceTests/Pods-StorageService-StorageServiceTests-frameworks-${CONFIGURATION}-output-files.xcfilelist",
			);
			runOnlyForDeploymentPostprocessing = 0;
			shellPath = /bin/sh;
			shellScript = "\"${PODS_ROOT}/Target Support Files/Pods-StorageService-StorageServiceTests/Pods-StorageService-StorageServiceTests-frameworks.sh\"\n";
			showEnvVarsInLog = 0;
		};
		E9CBACE994F936BAA2D16B08 /* [CP] Check Pods Manifest.lock */ = {
			isa = PBXShellScriptBuildPhase;
			buildActionMask = 2147483647;
			files = (
			);
			inputFileListPaths = (
			);
			inputPaths = (
				"${PODS_PODFILE_DIR_PATH}/Podfile.lock",
				"${PODS_ROOT}/Manifest.lock",
			);
			name = "[CP] Check Pods Manifest.lock";
			outputFileListPaths = (
			);
			outputPaths = (
				"$(DERIVED_FILE_DIR)/Pods-StorageService-checkManifestLockResult.txt",
			);
			runOnlyForDeploymentPostprocessing = 0;
			shellPath = /bin/sh;
			shellScript = "diff \"${PODS_PODFILE_DIR_PATH}/Podfile.lock\" \"${PODS_ROOT}/Manifest.lock\" > /dev/null\nif [ $? != 0 ] ; then\n    # print error to STDERR\n    echo \"error: The sandbox is not in sync with the Podfile.lock. Run 'pod install' or update your CocoaPods installation.\" >&2\n    exit 1\nfi\n# This output is used by Xcode 'outputs' to avoid re-running this script phase.\necho \"SUCCESS\" > \"${SCRIPT_OUTPUT_FILE_0}\"\n";
			showEnvVarsInLog = 0;
		};
/* End PBXShellScriptBuildPhase section */

/* Begin PBXSourcesBuildPhase section */
		901EB5072C69D4E300AC0157 /* Sources */ = {
			isa = PBXSourcesBuildPhase;
			buildActionMask = 2147483647;
			files = (
				901EB5B42C80E38500AC0157 /* Reusable.swift in Sources */,
				901EB5B22C80E2B700AC0157 /* Photo.swift in Sources */,
				901EB5602C77199E00AC0157 /* PostTableViewCell.swift in Sources */,
				908772F12CB86572002784C7 /* CurrentUserService.swift in Sources */,
				901EB50F2C69D4E300AC0157 /* AppDelegate.swift in Sources */,
				901EB5642C7741DD00AC0157 /* PostDetailsViewController.swift in Sources */,
				901EB5302C72258200AC0157 /* LogInViewController.swift in Sources */,
				901EB5232C69D52900AC0157 /* InfoViewController.swift in Sources */,
				908772F72CB86870002784C7 /* TestUserService.swift in Sources */,
				901EB5622C77213C00AC0157 /* UITableView.swift in Sources */,
				901EB5112C69D4E300AC0157 /* SceneDelegate.swift in Sources */,
				901EB5B62C80E45000AC0157 /* PhotoCell.swift in Sources */,
				901EB58E2C7B56CF00AC0157 /* PhotosTableViewCell.swift in Sources */,
				901EB5922C80BC4300AC0157 /* PhotosViewController.swift in Sources */,
				908772F52CB865CA002784C7 /* UserService.swift in Sources */,
				901EB5272C69D57100AC0157 /* FeedViewController.swift in Sources */,
				908772ED2CB863F7002784C7 /* User.swift in Sources */,
				9065E9832CCEA20700620C0C /* LogInInspector.swift in Sources */,
				901EB52E2C69D96C00AC0157 /* ProfileViewController.swift in Sources */,
				901EB5252C69D55100AC0157 /* PostViewController.swift in Sources */,
				902A05712CC0568700882936 /* Checker.swift in Sources */,
				901EB52C2C69D91100AC0157 /* ProfileHeaderView.swift in Sources */,
			);
			runOnlyForDeploymentPostprocessing = 0;
		};
		907C989D2CA72BC400BD470F /* Sources */ = {
			isa = PBXSourcesBuildPhase;
			buildActionMask = 2147483647;
			files = (
				907C98A52CA72BC400BD470F /* StorageService.docc in Sources */,
				907C98BF2CA72BD500BD470F /* Post.swift in Sources */,
			);
			runOnlyForDeploymentPostprocessing = 0;
		};
		907C98A62CA72BC400BD470F /* Sources */ = {
			isa = PBXSourcesBuildPhase;
			buildActionMask = 2147483647;
			files = (
				907C98B22CA72BC400BD470F /* StorageServiceTests.swift in Sources */,
			);
			runOnlyForDeploymentPostprocessing = 0;
		};
/* End PBXSourcesBuildPhase section */

/* Begin PBXTargetDependency section */
		907C98AD2CA72BC400BD470F /* PBXTargetDependency */ = {
			isa = PBXTargetDependency;
			target = 907C98A02CA72BC400BD470F /* StorageService */;
			targetProxy = 907C98AC2CA72BC400BD470F /* PBXContainerItemProxy */;
		};
		907C98AF2CA72BC400BD470F /* PBXTargetDependency */ = {
			isa = PBXTargetDependency;
			target = 901EB50A2C69D4E300AC0157 /* Navigation App */;
			targetProxy = 907C98AE2CA72BC400BD470F /* PBXContainerItemProxy */;
		};
		907C98B52CA72BC400BD470F /* PBXTargetDependency */ = {
			isa = PBXTargetDependency;
			target = 907C98A02CA72BC400BD470F /* StorageService */;
			targetProxy = 907C98B42CA72BC400BD470F /* PBXContainerItemProxy */;
		};
/* End PBXTargetDependency section */

/* Begin PBXVariantGroup section */
		901EB5192C69D4E500AC0157 /* LaunchScreen.storyboard */ = {
			isa = PBXVariantGroup;
			children = (
				901EB51A2C69D4E500AC0157 /* Base */,
			);
			name = LaunchScreen.storyboard;
			sourceTree = "<group>";
		};
/* End PBXVariantGroup section */

/* Begin XCBuildConfiguration section */
		901EB51D2C69D4E500AC0157 /* Debug */ = {
			isa = XCBuildConfiguration;
			buildSettings = {
				ALWAYS_SEARCH_USER_PATHS = NO;
				ASSETCATALOG_COMPILER_GENERATE_SWIFT_ASSET_SYMBOL_EXTENSIONS = YES;
				CLANG_ANALYZER_NONNULL = YES;
				CLANG_ANALYZER_NUMBER_OBJECT_CONVERSION = YES_AGGRESSIVE;
				CLANG_CXX_LANGUAGE_STANDARD = "gnu++20";
				CLANG_ENABLE_MODULES = YES;
				CLANG_ENABLE_OBJC_ARC = YES;
				CLANG_ENABLE_OBJC_WEAK = YES;
				CLANG_WARN_BLOCK_CAPTURE_AUTORELEASING = YES;
				CLANG_WARN_BOOL_CONVERSION = YES;
				CLANG_WARN_COMMA = YES;
				CLANG_WARN_CONSTANT_CONVERSION = YES;
				CLANG_WARN_DEPRECATED_OBJC_IMPLEMENTATIONS = YES;
				CLANG_WARN_DIRECT_OBJC_ISA_USAGE = YES_ERROR;
				CLANG_WARN_DOCUMENTATION_COMMENTS = YES;
				CLANG_WARN_EMPTY_BODY = YES;
				CLANG_WARN_ENUM_CONVERSION = YES;
				CLANG_WARN_INFINITE_RECURSION = YES;
				CLANG_WARN_INT_CONVERSION = YES;
				CLANG_WARN_NON_LITERAL_NULL_CONVERSION = YES;
				CLANG_WARN_OBJC_IMPLICIT_RETAIN_SELF = YES;
				CLANG_WARN_OBJC_LITERAL_CONVERSION = YES;
				CLANG_WARN_OBJC_ROOT_CLASS = YES_ERROR;
				CLANG_WARN_QUOTED_INCLUDE_IN_FRAMEWORK_HEADER = YES;
				CLANG_WARN_RANGE_LOOP_ANALYSIS = YES;
				CLANG_WARN_STRICT_PROTOTYPES = YES;
				CLANG_WARN_SUSPICIOUS_MOVE = YES;
				CLANG_WARN_UNGUARDED_AVAILABILITY = YES_AGGRESSIVE;
				CLANG_WARN_UNREACHABLE_CODE = YES;
				CLANG_WARN__DUPLICATE_METHOD_MATCH = YES;
				COPY_PHASE_STRIP = NO;
				DEBUG_INFORMATION_FORMAT = dwarf;
				ENABLE_STRICT_OBJC_MSGSEND = YES;
				ENABLE_TESTABILITY = YES;
				ENABLE_USER_SCRIPT_SANDBOXING = YES;
				GCC_C_LANGUAGE_STANDARD = gnu17;
				GCC_DYNAMIC_NO_PIC = NO;
				GCC_NO_COMMON_BLOCKS = YES;
				GCC_OPTIMIZATION_LEVEL = 0;
				GCC_PREPROCESSOR_DEFINITIONS = (
					"DEBUG=1",
					"$(inherited)",
				);
				GCC_WARN_64_TO_32_BIT_CONVERSION = YES;
				GCC_WARN_ABOUT_RETURN_TYPE = YES_ERROR;
				GCC_WARN_UNDECLARED_SELECTOR = YES;
				GCC_WARN_UNINITIALIZED_AUTOS = YES_AGGRESSIVE;
				GCC_WARN_UNUSED_FUNCTION = YES;
				GCC_WARN_UNUSED_VARIABLE = YES;
				IPHONEOS_DEPLOYMENT_TARGET = 17.4;
				LOCALIZATION_PREFERS_STRING_CATALOGS = YES;
				MTL_ENABLE_DEBUG_INFO = INCLUDE_SOURCE;
				MTL_FAST_MATH = YES;
				ONLY_ACTIVE_ARCH = YES;
				SDKROOT = iphoneos;
				SWIFT_ACTIVE_COMPILATION_CONDITIONS = "DEBUG $(inherited)";
				SWIFT_OPTIMIZATION_LEVEL = "-Onone";
				VALIDATE_PRODUCT = YES;
			};
			name = Debug;
		};
		901EB51E2C69D4E500AC0157 /* Release */ = {
			isa = XCBuildConfiguration;
			buildSettings = {
				ALWAYS_SEARCH_USER_PATHS = NO;
				ASSETCATALOG_COMPILER_GENERATE_SWIFT_ASSET_SYMBOL_EXTENSIONS = YES;
				CLANG_ANALYZER_NONNULL = YES;
				CLANG_ANALYZER_NUMBER_OBJECT_CONVERSION = YES_AGGRESSIVE;
				CLANG_CXX_LANGUAGE_STANDARD = "gnu++20";
				CLANG_ENABLE_MODULES = YES;
				CLANG_ENABLE_OBJC_ARC = YES;
				CLANG_ENABLE_OBJC_WEAK = YES;
				CLANG_WARN_BLOCK_CAPTURE_AUTORELEASING = YES;
				CLANG_WARN_BOOL_CONVERSION = YES;
				CLANG_WARN_COMMA = YES;
				CLANG_WARN_CONSTANT_CONVERSION = YES;
				CLANG_WARN_DEPRECATED_OBJC_IMPLEMENTATIONS = YES;
				CLANG_WARN_DIRECT_OBJC_ISA_USAGE = YES_ERROR;
				CLANG_WARN_DOCUMENTATION_COMMENTS = YES;
				CLANG_WARN_EMPTY_BODY = YES;
				CLANG_WARN_ENUM_CONVERSION = YES;
				CLANG_WARN_INFINITE_RECURSION = YES;
				CLANG_WARN_INT_CONVERSION = YES;
				CLANG_WARN_NON_LITERAL_NULL_CONVERSION = YES;
				CLANG_WARN_OBJC_IMPLICIT_RETAIN_SELF = YES;
				CLANG_WARN_OBJC_LITERAL_CONVERSION = YES;
				CLANG_WARN_OBJC_ROOT_CLASS = YES_ERROR;
				CLANG_WARN_QUOTED_INCLUDE_IN_FRAMEWORK_HEADER = YES;
				CLANG_WARN_RANGE_LOOP_ANALYSIS = YES;
				CLANG_WARN_STRICT_PROTOTYPES = YES;
				CLANG_WARN_SUSPICIOUS_MOVE = YES;
				CLANG_WARN_UNGUARDED_AVAILABILITY = YES_AGGRESSIVE;
				CLANG_WARN_UNREACHABLE_CODE = YES;
				CLANG_WARN__DUPLICATE_METHOD_MATCH = YES;
				COPY_PHASE_STRIP = NO;
				DEBUG_INFORMATION_FORMAT = "dwarf-with-dsym";
				ENABLE_NS_ASSERTIONS = NO;
				ENABLE_STRICT_OBJC_MSGSEND = YES;
				ENABLE_USER_SCRIPT_SANDBOXING = YES;
				GCC_C_LANGUAGE_STANDARD = gnu17;
				GCC_NO_COMMON_BLOCKS = YES;
				GCC_WARN_64_TO_32_BIT_CONVERSION = YES;
				GCC_WARN_ABOUT_RETURN_TYPE = YES_ERROR;
				GCC_WARN_UNDECLARED_SELECTOR = YES;
				GCC_WARN_UNINITIALIZED_AUTOS = YES_AGGRESSIVE;
				GCC_WARN_UNUSED_FUNCTION = YES;
				GCC_WARN_UNUSED_VARIABLE = YES;
				IPHONEOS_DEPLOYMENT_TARGET = 17.4;
				LOCALIZATION_PREFERS_STRING_CATALOGS = YES;
				MTL_ENABLE_DEBUG_INFO = NO;
				MTL_FAST_MATH = YES;
				SDKROOT = iphoneos;
				SWIFT_COMPILATION_MODE = wholemodule;
				VALIDATE_PRODUCT = YES;
			};
			name = Release;
		};
		901EB5202C69D4E500AC0157 /* Debug */ = {
			isa = XCBuildConfiguration;
			baseConfigurationReference = 627808272C3DC6098BB90CBE /* Pods-Navigation App.debug.xcconfig */;
			buildSettings = {
				ASSETCATALOG_COMPILER_APPICON_NAME = AppIcon;
				ASSETCATALOG_COMPILER_GLOBAL_ACCENT_COLOR_NAME = AccentColor;
				CODE_SIGN_STYLE = Automatic;
				CURRENT_PROJECT_VERSION = 1;
				DEVELOPMENT_TEAM = 9U489LNMDT;
				GENERATE_INFOPLIST_FILE = YES;
				INFOPLIST_FILE = "Navigation App/Info.plist";
				INFOPLIST_KEY_UIApplicationSupportsIndirectInputEvents = YES;
				INFOPLIST_KEY_UILaunchStoryboardName = LaunchScreen;
				INFOPLIST_KEY_UISupportedInterfaceOrientations_iPad = "UIInterfaceOrientationPortrait UIInterfaceOrientationPortraitUpsideDown UIInterfaceOrientationLandscapeLeft UIInterfaceOrientationLandscapeRight";
				INFOPLIST_KEY_UISupportedInterfaceOrientations_iPhone = "UIInterfaceOrientationPortrait UIInterfaceOrientationLandscapeLeft UIInterfaceOrientationLandscapeRight";
				LD_RUNPATH_SEARCH_PATHS = (
					"$(inherited)",
					"@executable_path/Frameworks",
				);
				MARKETING_VERSION = 1.0;
				PRODUCT_BUNDLE_IDENTIFIER = com.mkrasnov.test;
				PRODUCT_NAME = "$(TARGET_NAME)";
				SWIFT_EMIT_LOC_STRINGS = YES;
				SWIFT_VERSION = 5.0;
				TARGETED_DEVICE_FAMILY = "1,2";
			};
			name = Debug;
		};
		901EB5212C69D4E500AC0157 /* Release */ = {
			isa = XCBuildConfiguration;
			baseConfigurationReference = 09307F8B4919EEF90781C4B4 /* Pods-Navigation App.release.xcconfig */;
			buildSettings = {
				ASSETCATALOG_COMPILER_APPICON_NAME = AppIcon;
				ASSETCATALOG_COMPILER_GLOBAL_ACCENT_COLOR_NAME = AccentColor;
				CODE_SIGN_STYLE = Automatic;
				CURRENT_PROJECT_VERSION = 1;
				DEVELOPMENT_TEAM = 9U489LNMDT;
				GENERATE_INFOPLIST_FILE = YES;
				INFOPLIST_FILE = "Navigation App/Info.plist";
				INFOPLIST_KEY_UIApplicationSupportsIndirectInputEvents = YES;
				INFOPLIST_KEY_UILaunchStoryboardName = LaunchScreen;
				INFOPLIST_KEY_UISupportedInterfaceOrientations_iPad = "UIInterfaceOrientationPortrait UIInterfaceOrientationPortraitUpsideDown UIInterfaceOrientationLandscapeLeft UIInterfaceOrientationLandscapeRight";
				INFOPLIST_KEY_UISupportedInterfaceOrientations_iPhone = "UIInterfaceOrientationPortrait UIInterfaceOrientationLandscapeLeft UIInterfaceOrientationLandscapeRight";
				LD_RUNPATH_SEARCH_PATHS = (
					"$(inherited)",
					"@executable_path/Frameworks",
				);
				MARKETING_VERSION = 1.0;
				PRODUCT_BUNDLE_IDENTIFIER = com.mkrasnov.test;
				PRODUCT_NAME = "$(TARGET_NAME)";
				SWIFT_EMIT_LOC_STRINGS = YES;
				SWIFT_VERSION = 5.0;
				TARGETED_DEVICE_FAMILY = "1,2";
			};
			name = Release;
		};
		907C98B92CA72BC400BD470F /* Debug */ = {
			isa = XCBuildConfiguration;
			baseConfigurationReference = 7D1816BC8F41A22C0C8A2E2C /* Pods-StorageService.debug.xcconfig */;
			buildSettings = {
				BUILD_LIBRARY_FOR_DISTRIBUTION = YES;
				CODE_SIGN_IDENTITY = "";
				CODE_SIGN_STYLE = Automatic;
				CURRENT_PROJECT_VERSION = 1;
				DEFINES_MODULE = YES;
				DEVELOPMENT_TEAM = 9U489LNMDT;
				DYLIB_COMPATIBILITY_VERSION = 1;
				DYLIB_CURRENT_VERSION = 1;
				DYLIB_INSTALL_NAME_BASE = "@rpath";
				ENABLE_MODULE_VERIFIER = YES;
				GENERATE_INFOPLIST_FILE = YES;
				INFOPLIST_KEY_NSHumanReadableCopyright = "";
				INSTALL_PATH = "$(LOCAL_LIBRARY_DIR)/Frameworks";
				LD_RUNPATH_SEARCH_PATHS = (
					"$(inherited)",
					"@executable_path/Frameworks",
					"@loader_path/Frameworks",
				);
				MARKETING_VERSION = 1.0;
				MODULE_VERIFIER_SUPPORTED_LANGUAGES = "objective-c objective-c++";
				MODULE_VERIFIER_SUPPORTED_LANGUAGE_STANDARDS = "gnu17 gnu++20";
				PRODUCT_BUNDLE_IDENTIFIER = Test.StorageService;
				PRODUCT_NAME = "$(TARGET_NAME:c99extidentifier)";
				SKIP_INSTALL = YES;
				SWIFT_EMIT_LOC_STRINGS = YES;
				SWIFT_INSTALL_OBJC_HEADER = NO;
				SWIFT_VERSION = 5.0;
				TARGETED_DEVICE_FAMILY = "1,2";
				VERSIONING_SYSTEM = "apple-generic";
				VERSION_INFO_PREFIX = "";
			};
			name = Debug;
		};
		907C98BA2CA72BC400BD470F /* Release */ = {
			isa = XCBuildConfiguration;
			baseConfigurationReference = D9AB6611D185A94570BC92F9 /* Pods-StorageService.release.xcconfig */;
			buildSettings = {
				BUILD_LIBRARY_FOR_DISTRIBUTION = YES;
				CODE_SIGN_IDENTITY = "";
				CODE_SIGN_STYLE = Automatic;
				CURRENT_PROJECT_VERSION = 1;
				DEFINES_MODULE = YES;
				DEVELOPMENT_TEAM = 9U489LNMDT;
				DYLIB_COMPATIBILITY_VERSION = 1;
				DYLIB_CURRENT_VERSION = 1;
				DYLIB_INSTALL_NAME_BASE = "@rpath";
				ENABLE_MODULE_VERIFIER = YES;
				GENERATE_INFOPLIST_FILE = YES;
				INFOPLIST_KEY_NSHumanReadableCopyright = "";
				INSTALL_PATH = "$(LOCAL_LIBRARY_DIR)/Frameworks";
				LD_RUNPATH_SEARCH_PATHS = (
					"$(inherited)",
					"@executable_path/Frameworks",
					"@loader_path/Frameworks",
				);
				MARKETING_VERSION = 1.0;
				MODULE_VERIFIER_SUPPORTED_LANGUAGES = "objective-c objective-c++";
				MODULE_VERIFIER_SUPPORTED_LANGUAGE_STANDARDS = "gnu17 gnu++20";
				PRODUCT_BUNDLE_IDENTIFIER = Test.StorageService;
				PRODUCT_NAME = "$(TARGET_NAME:c99extidentifier)";
				SKIP_INSTALL = YES;
				SWIFT_EMIT_LOC_STRINGS = YES;
				SWIFT_INSTALL_OBJC_HEADER = NO;
				SWIFT_VERSION = 5.0;
				TARGETED_DEVICE_FAMILY = "1,2";
				VERSIONING_SYSTEM = "apple-generic";
				VERSION_INFO_PREFIX = "";
			};
			name = Release;
		};
		907C98BB2CA72BC400BD470F /* Debug */ = {
			isa = XCBuildConfiguration;
			baseConfigurationReference = 9F41BE46AB8A5772AB03EE9A /* Pods-StorageService-StorageServiceTests.debug.xcconfig */;
			buildSettings = {
				CODE_SIGN_STYLE = Automatic;
				CURRENT_PROJECT_VERSION = 1;
				DEVELOPMENT_TEAM = 9U489LNMDT;
				GENERATE_INFOPLIST_FILE = YES;
				MARKETING_VERSION = 1.0;
				PRODUCT_BUNDLE_IDENTIFIER = Test.StorageServiceTests;
				PRODUCT_NAME = "$(TARGET_NAME)";
				SWIFT_EMIT_LOC_STRINGS = NO;
				SWIFT_VERSION = 5.0;
				TARGETED_DEVICE_FAMILY = "1,2";
				TEST_HOST = "$(BUILT_PRODUCTS_DIR)/Navigation App.app/$(BUNDLE_EXECUTABLE_FOLDER_PATH)/Navigation App";
			};
			name = Debug;
		};
		907C98BC2CA72BC400BD470F /* Release */ = {
			isa = XCBuildConfiguration;
			baseConfigurationReference = 85167A734A03A985AD0FDDF7 /* Pods-StorageService-StorageServiceTests.release.xcconfig */;
			buildSettings = {
				CODE_SIGN_STYLE = Automatic;
				CURRENT_PROJECT_VERSION = 1;
				DEVELOPMENT_TEAM = 9U489LNMDT;
				GENERATE_INFOPLIST_FILE = YES;
				MARKETING_VERSION = 1.0;
				PRODUCT_BUNDLE_IDENTIFIER = Test.StorageServiceTests;
				PRODUCT_NAME = "$(TARGET_NAME)";
				SWIFT_EMIT_LOC_STRINGS = NO;
				SWIFT_VERSION = 5.0;
				TARGETED_DEVICE_FAMILY = "1,2";
				TEST_HOST = "$(BUILT_PRODUCTS_DIR)/Navigation App.app/$(BUNDLE_EXECUTABLE_FOLDER_PATH)/Navigation App";
			};
			name = Release;
		};
/* End XCBuildConfiguration section */

/* Begin XCConfigurationList section */
		901EB5062C69D4E300AC0157 /* Build configuration list for PBXProject "Navigation App" */ = {
			isa = XCConfigurationList;
			buildConfigurations = (
				901EB51D2C69D4E500AC0157 /* Debug */,
				901EB51E2C69D4E500AC0157 /* Release */,
			);
			defaultConfigurationIsVisible = 0;
			defaultConfigurationName = Release;
		};
		901EB51F2C69D4E500AC0157 /* Build configuration list for PBXNativeTarget "Navigation App" */ = {
			isa = XCConfigurationList;
			buildConfigurations = (
				901EB5202C69D4E500AC0157 /* Debug */,
				901EB5212C69D4E500AC0157 /* Release */,
			);
			defaultConfigurationIsVisible = 0;
			defaultConfigurationName = Release;
		};
		907C98BD2CA72BC500BD470F /* Build configuration list for PBXNativeTarget "StorageService" */ = {
			isa = XCConfigurationList;
			buildConfigurations = (
				907C98B92CA72BC400BD470F /* Debug */,
				907C98BA2CA72BC400BD470F /* Release */,
			);
			defaultConfigurationIsVisible = 0;
			defaultConfigurationName = Release;
		};
		907C98BE2CA72BC500BD470F /* Build configuration list for PBXNativeTarget "StorageServiceTests" */ = {
			isa = XCConfigurationList;
			buildConfigurations = (
				907C98BB2CA72BC400BD470F /* Debug */,
				907C98BC2CA72BC400BD470F /* Release */,
			);
			defaultConfigurationIsVisible = 0;
			defaultConfigurationName = Release;
		};
/* End XCConfigurationList section */

/* Begin XCRemoteSwiftPackageReference section */
		907C98DA2CA8A89D00BD470F /* XCRemoteSwiftPackageReference "iOSIntPackage" */ = {
			isa = XCRemoteSwiftPackageReference;
			repositoryURL = "https://github.com/TrueMax/iOSIntPackage";
			requirement = {
				kind = upToNextMajorVersion;
				minimumVersion = 2.2.0;
			};
		};
/* End XCRemoteSwiftPackageReference section */

/* Begin XCSwiftPackageProductDependency section */
		908772EA2CB48ADC002784C7 /* iOSIntPackage */ = {
			isa = XCSwiftPackageProductDependency;
			package = 907C98DA2CA8A89D00BD470F /* XCRemoteSwiftPackageReference "iOSIntPackage" */;
			productName = iOSIntPackage;
		};
/* End XCSwiftPackageProductDependency section */
	};
	rootObject = 901EB5032C69D4E300AC0157 /* Project object */;
}
