{
  "originHash" : "5a56168dcf731bb49513ceeba7f0bd7a4f63d074e69249ac853f5128c47d179c",
  "pins" : [
    {
      "identity" : "iosintpackage",
      "kind" : "remoteSourceControl",
      "location" : "https://github.com/TrueMax/iOSIntPackage",
      "state" : {
        "branch" : "imagepublisher",
        "revision" : "e1cc0e1b76d7cb8f770d903d85ae9ed91ae026bd"
      }
    }
  ],
  "version" : 3
}
